
Microsoft Visual Studio Solution File, Format Version 12.00
# Visual Studio Version 16
VisualStudioVersion = 16.0.30717.126
MinimumVisualStudioVersion = 10.0.40219.1
Project("{FAE04EC0-301F-11D3-BF4B-00C04F79EFBC}") = "SocketSender", "SocketSender\SocketSender.csproj", "{81E35838-8548-4D62-9625-A00ABC370646}"
EndProject
Global
	GlobalSection(SolutionConfigurationPlatforms) = preSolution
		Debug|Any CPU = Debug|Any CPU
		Release|Any CPU = Release|Any CPU
	EndGlobalSection
	GlobalSection(ProjectConfigurationPlatforms) = postSolution
		{81E35838-8548-4D62-9625-A00ABC370646}.Debug|Any CPU.ActiveCfg = Debug|Any CPU
		{81E35838-8548-4D62-9625-A00ABC370646}.Debug|Any CPU.Build.0 = Debug|Any CPU
		{81E35838-8548-4D62-9625-A00ABC370646}.Release|Any CPU.ActiveCfg = Release|Any CPU
		{81E35838-8548-4D62-9625-A00ABC370646}.Release|Any CPU.Build.0 = Release|Any CPU
	EndGlobalSection
	GlobalSection(SolutionProperties) = preSolution
		HideSolutionNode = FALSE
	EndGlobalSection
	GlobalSection(ExtensibilityGlobals) = postSolution
		SolutionGuid = {C9AF293A-2E80-4F1F-A738-66E82F6E69B1}
	EndGlobalSection
EndGlobal
